{
  "requires": true,
  "lockfileVersion": 1,
  "dependencies": {
    "sweetalert2": {
      "version": "7.0.7",
      "resolved": "https://registry.npmjs.org/sweetalert2/-/sweetalert2-7.0.7.tgz",
      "integrity": "sha512-IHtW2r0vHTmaho/UZEyzBLCIJGX9ta5xZQ1rgtw7NCLMMmbIdqjywE7Nwf09nxuEuiZ/HYaCMZ9FjFXryKt+lA=="
    }
  }
}
